
Microsoft Visual Studio Solution File, Format Version 12.00
# Visual Studio 2013
VisualStudioVersion = 12.0.21005.1
MinimumVisualStudioVersion = 10.0.40219.1
Project("{FAE04EC0-301F-11D3-BF4B-00C04F79EFBC}") = "KundenGUI", "KundenGUI\KundenGUI.csproj", "{D5C06ADC-8F15-49C3-9B7E-BC5F34CB838F}"
EndProject
Project("{FAE04EC0-301F-11D3-BF4B-00C04F79EFBC}") = "DataAccess", "DataAccess\DataAccess.csproj", "{5FD4B4A0-9303-4FAE-8366-443330DDB458}"
EndProject
Global
	GlobalSection(SolutionConfigurationPlatforms) = preSolution
		Debug|Any CPU = Debug|Any CPU
		Release|Any CPU = Release|Any CPU
	EndGlobalSection
	GlobalSection(ProjectConfigurationPlatforms) = postSolution
		{D5C06ADC-8F15-49C3-9B7E-BC5F34CB838F}.Debug|Any CPU.ActiveCfg = Debug|Any CPU
		{D5C06ADC-8F15-49C3-9B7E-BC5F34CB838F}.Debug|Any CPU.Build.0 = Debug|Any CPU
		{D5C06ADC-8F15-49C3-9B7E-BC5F34CB838F}.Release|Any CPU.ActiveCfg = Release|Any CPU
		{D5C06ADC-8F15-49C3-9B7E-BC5F34CB838F}.Release|Any CPU.Build.0 = Release|Any CPU
		{5FD4B4A0-9303-4FAE-8366-443330DDB458}.Debug|Any CPU.ActiveCfg = Debug|Any CPU
		{5FD4B4A0-9303-4FAE-8366-443330DDB458}.Debug|Any CPU.Build.0 = Debug|Any CPU
		{5FD4B4A0-9303-4FAE-8366-443330DDB458}.Release|Any CPU.ActiveCfg = Release|Any CPU
		{5FD4B4A0-9303-4FAE-8366-443330DDB458}.Release|Any CPU.Build.0 = Release|Any CPU
	EndGlobalSection
	GlobalSection(SolutionProperties) = preSolution
		HideSolutionNode = FALSE
	EndGlobalSection
EndGlobal
